
Microsoft Visual Studio Solution File, Format Version 12.00
# Visual Studio Version 16
VisualStudioVersion = 16.0.31019.35
MinimumVisualStudioVersion = 10.0.40219.1
Project("{FAE04EC0-301F-11D3-BF4B-00C04F79EFBC}") = "Challenge_Jagged_Arrays", "Challenge_Jagged_Arrays.csproj", "{92640E42-20BA-47FE-8E51-B5F84970468E}"
EndProject
Global
	GlobalSection(SolutionConfigurationPlatforms) = preSolution
		Debug|Any CPU = Debug|Any CPU
		Release|Any CPU = Release|Any CPU
	EndGlobalSection
	GlobalSection(ProjectConfigurationPlatforms) = postSolution
		{92640E42-20BA-47FE-8E51-B5F84970468E}.Debug|Any CPU.ActiveCfg = Debug|Any CPU
		{92640E42-20BA-47FE-8E51-B5F84970468E}.Debug|Any CPU.Build.0 = Debug|Any CPU
		{92640E42-20BA-47FE-8E51-B5F84970468E}.Release|Any CPU.ActiveCfg = Release|Any CPU
		{92640E42-20BA-47FE-8E51-B5F84970468E}.Release|Any CPU.Build.0 = Release|Any CPU
	EndGlobalSection
	GlobalSection(SolutionProperties) = preSolution
		HideSolutionNode = FALSE
	EndGlobalSection
	GlobalSection(ExtensibilityGlobals) = postSolution
		SolutionGuid = {EED95C50-CE24-413A-B416-13D91B62FED8}
	EndGlobalSection
EndGlobal
