
Microsoft Visual Studio Solution File, Format Version 12.00
# Visual Studio Version 16
VisualStudioVersion = 16.0.31019.35
MinimumVisualStudioVersion = 10.0.40219.1
Project("{FAE04EC0-301F-11D3-BF4B-00C04F79EFBC}") = "Challenge_If_Statements_2", "Challenge_If_Statements_2.csproj", "{3C2D9059-344E-48B6-8B47-433E40111C9C}"
EndProject
Global
	GlobalSection(SolutionConfigurationPlatforms) = preSolution
		Debug|Any CPU = Debug|Any CPU
		Release|Any CPU = Release|Any CPU
	EndGlobalSection
	GlobalSection(ProjectConfigurationPlatforms) = postSolution
		{3C2D9059-344E-48B6-8B47-433E40111C9C}.Debug|Any CPU.ActiveCfg = Debug|Any CPU
		{3C2D9059-344E-48B6-8B47-433E40111C9C}.Debug|Any CPU.Build.0 = Debug|Any CPU
		{3C2D9059-344E-48B6-8B47-433E40111C9C}.Release|Any CPU.ActiveCfg = Release|Any CPU
		{3C2D9059-344E-48B6-8B47-433E40111C9C}.Release|Any CPU.Build.0 = Release|Any CPU
	EndGlobalSection
	GlobalSection(SolutionProperties) = preSolution
		HideSolutionNode = FALSE
	EndGlobalSection
	GlobalSection(ExtensibilityGlobals) = postSolution
		SolutionGuid = {C84C7C75-E8C7-4189-AA50-7C2A0B20ACB0}
	EndGlobalSection
EndGlobal
