
Microsoft Visual Studio Solution File, Format Version 12.00
# Visual Studio Version 16
VisualStudioVersion = 16.0.31019.35
MinimumVisualStudioVersion = 10.0.40219.1
Project("{FAE04EC0-301F-11D3-BF4B-00C04F79EFBC}") = "TryCatchFinally", "TryCatchFinally.csproj", "{C1620179-C52B-4358-9DFE-9336A16AF2F4}"
EndProject
Global
	GlobalSection(SolutionConfigurationPlatforms) = preSolution
		Debug|Any CPU = Debug|Any CPU
		Release|Any CPU = Release|Any CPU
	EndGlobalSection
	GlobalSection(ProjectConfigurationPlatforms) = postSolution
		{C1620179-C52B-4358-9DFE-9336A16AF2F4}.Debug|Any CPU.ActiveCfg = Debug|Any CPU
		{C1620179-C52B-4358-9DFE-9336A16AF2F4}.Debug|Any CPU.Build.0 = Debug|Any CPU
		{C1620179-C52B-4358-9DFE-9336A16AF2F4}.Release|Any CPU.ActiveCfg = Release|Any CPU
		{C1620179-C52B-4358-9DFE-9336A16AF2F4}.Release|Any CPU.Build.0 = Release|Any CPU
	EndGlobalSection
	GlobalSection(SolutionProperties) = preSolution
		HideSolutionNode = FALSE
	EndGlobalSection
	GlobalSection(ExtensibilityGlobals) = postSolution
		SolutionGuid = {806E146A-895C-4D43-84E9-4982C38AF606}
	EndGlobalSection
EndGlobal
